
Microsoft Visual Studio Solution File, Format Version 12.00
# Visual Studio Version 17
VisualStudioVersion = 17.7.34221.43
MinimumVisualStudioVersion = 10.0.40219.1
Project("{2150E333-8FDC-42A3-9474-1A3956D46DE8}") = "src", "src", "{45F3E1B9-D35E-4EC4-83AB-DA94C7F14987}"
EndProject
Project("{9A19103F-16F7-4668-BE54-9A1E7A4F7556}") = "AuctionService", "AuctionService\AuctionService.csproj", "{518E6CD9-6ED8-4B30-AFD8-A7C0AC379C0C}"
EndProject
Project("{9A19103F-16F7-4668-BE54-9A1E7A4F7556}") = "SearchService", "SearchService\SearchService.csproj", "{C02B1C4D-A2A8-40D0-A840-403D9D59337F}"
EndProject
Project("{FAE04EC0-301F-11D3-BF4B-00C04F79EFBC}") = "Contracts", "Contracts\Contracts.csproj", "{55161C63-1D00-4085-9559-3E211A0DCC9F}"
EndProject
Global
	GlobalSection(SolutionConfigurationPlatforms) = preSolution
		Debug|Any CPU = Debug|Any CPU
		Release|Any CPU = Release|Any CPU
	EndGlobalSection
	GlobalSection(ProjectConfigurationPlatforms) = postSolution
		{518E6CD9-6ED8-4B30-AFD8-A7C0AC379C0C}.Debug|Any CPU.ActiveCfg = Debug|Any CPU
		{518E6CD9-6ED8-4B30-AFD8-A7C0AC379C0C}.Debug|Any CPU.Build.0 = Debug|Any CPU
		{518E6CD9-6ED8-4B30-AFD8-A7C0AC379C0C}.Release|Any CPU.ActiveCfg = Release|Any CPU
		{518E6CD9-6ED8-4B30-AFD8-A7C0AC379C0C}.Release|Any CPU.Build.0 = Release|Any CPU
		{C02B1C4D-A2A8-40D0-A840-403D9D59337F}.Debug|Any CPU.ActiveCfg = Debug|Any CPU
		{C02B1C4D-A2A8-40D0-A840-403D9D59337F}.Debug|Any CPU.Build.0 = Debug|Any CPU
		{C02B1C4D-A2A8-40D0-A840-403D9D59337F}.Release|Any CPU.ActiveCfg = Release|Any CPU
		{C02B1C4D-A2A8-40D0-A840-403D9D59337F}.Release|Any CPU.Build.0 = Release|Any CPU
		{55161C63-1D00-4085-9559-3E211A0DCC9F}.Debug|Any CPU.ActiveCfg = Debug|Any CPU
		{55161C63-1D00-4085-9559-3E211A0DCC9F}.Debug|Any CPU.Build.0 = Debug|Any CPU
		{55161C63-1D00-4085-9559-3E211A0DCC9F}.Release|Any CPU.ActiveCfg = Release|Any CPU
		{55161C63-1D00-4085-9559-3E211A0DCC9F}.Release|Any CPU.Build.0 = Release|Any CPU
	EndGlobalSection
	GlobalSection(SolutionProperties) = preSolution
		HideSolutionNode = FALSE
	EndGlobalSection
	GlobalSection(NestedProjects) = preSolution
		{518E6CD9-6ED8-4B30-AFD8-A7C0AC379C0C} = {45F3E1B9-D35E-4EC4-83AB-DA94C7F14987}
		{C02B1C4D-A2A8-40D0-A840-403D9D59337F} = {45F3E1B9-D35E-4EC4-83AB-DA94C7F14987}
		{55161C63-1D00-4085-9559-3E211A0DCC9F} = {45F3E1B9-D35E-4EC4-83AB-DA94C7F14987}
	EndGlobalSection
	GlobalSection(ExtensibilityGlobals) = postSolution
		SolutionGuid = {7A438EFF-FFFF-4A18-BCDE-A804CA0D215A}
	EndGlobalSection
EndGlobal
